# Generated by buf. DO NOT EDIT.
version: v2
deps:
  - name: buf.build/cosmos/cosmos-proto
    commit: 04467658e59e44bbb22fe568206e1f70
    digest: b5:8058c0aadbee8c9af67a9cefe86492c6c0b0bd5b4526b0ec820507b91fc9b0b5efbebca97331854576d2d279b0b3f5ed6a7abb0640cb640c4186532239c48fc4
  - name: buf.build/cosmos/cosmos-sdk
    commit: 05419252bcc241ea8023acf1ed4cadc5
    digest: b5:bec474e46596bf183fa85eb5c33106d432992ae696785c1c5fc1ce2a8f8819cab80c89d0b11557f3e916fd65133451fca4471a05f75ed163c688a8964ecb97b8
  - name: buf.build/cosmos/gogo-proto
    commit: 88ef6483f90f478fb938c37dde52ece3
    digest: b5:f0c69202c9bca9672dc72a9737ea9bc83744daaed2b3da77e3a95b0e53b86dee76b5a7405b993181d6c863fd64afaca0976a302f700d6c4912eb1692a1782c0a
  - name: buf.build/googleapis/googleapis
    commit: 7e6f6e774e29406da95bd61cdcdbc8bc
    digest: b5:654225f30f2351e6515417825836cb4bd5df3d952f6086e406957f80e03c8ee00c67739b836b87e06f2ff90a6f44675ad175e47ea5aef29ee909b91a29bdd334
  - name: buf.build/protocolbuffers/wellknowntypes
    commit: d59b7d45e69d4e129a1b797e2766f067
    digest: b5:79d98c29b4fadd41adba4396b9c628daf2db955f7a2cbd8dd00fb21911b31463948b1d2ba4ba202fad034eec23dbf9f56ea3c8dcef5f88e5b85111eadae88359
  - name: buf.build/tendermint/tendermint
    commit: 33ed361a90514289beabf3189e1d7665
    digest: b5:72e7b167e6a474c8ed7763e3fc811d756d48dd0e70d897c1d3b661656aa4ad3cf2adabadf1fa9a8fd644567678a1acd27bec139895b0469258cfa4c3ebae7aab
